
Microsoft Visual Studio Solution File, Format Version 12.00
# Visual Studio Version 16
VisualStudioVersion = 16.0.31105.61
MinimumVisualStudioVersion = 10.0.40219.1
Project("{F184B08F-C81C-45F6-A57F-5ABD9991F28F}") = "Pasteleria", "Pasteleria\Pasteleria.vbproj", "{D5AAF34F-F9B4-400D-98DE-27292B68F77F}"
EndProject
Global
	GlobalSection(SolutionConfigurationPlatforms) = preSolution
		Debug|Any CPU = Debug|Any CPU
		Release|Any CPU = Release|Any CPU
	EndGlobalSection
	GlobalSection(ProjectConfigurationPlatforms) = postSolution
		{D5AAF34F-F9B4-400D-98DE-27292B68F77F}.Debug|Any CPU.ActiveCfg = Debug|Any CPU
		{D5AAF34F-F9B4-400D-98DE-27292B68F77F}.Debug|Any CPU.Build.0 = Debug|Any CPU
		{D5AAF34F-F9B4-400D-98DE-27292B68F77F}.Release|Any CPU.ActiveCfg = Release|Any CPU
		{D5AAF34F-F9B4-400D-98DE-27292B68F77F}.Release|Any CPU.Build.0 = Release|Any CPU
	EndGlobalSection
	GlobalSection(SolutionProperties) = preSolution
		HideSolutionNode = FALSE
	EndGlobalSection
	GlobalSection(ExtensibilityGlobals) = postSolution
		SolutionGuid = {7109BA31-3A21-42DC-B6CA-29E7440C1B52}
	EndGlobalSection
EndGlobal
